
Microsoft Visual Studio Solution File, Format Version 12.00
# Visual Studio Version 16
VisualStudioVersion = 16.0.29728.190
MinimumVisualStudioVersion = 10.0.40219.1
Project("{FAE04EC0-301F-11D3-BF4B-00C04F79EFBC}") = "Euler12", "Euler12\Euler12.csproj", "{41476F29-9F14-404B-BEFE-69B48572C341}"
EndProject
Global
	GlobalSection(SolutionConfigurationPlatforms) = preSolution
		Debug|Any CPU = Debug|Any CPU
		Release|Any CPU = Release|Any CPU
	EndGlobalSection
	GlobalSection(ProjectConfigurationPlatforms) = postSolution
		{41476F29-9F14-404B-BEFE-69B48572C341}.Debug|Any CPU.ActiveCfg = Debug|Any CPU
		{41476F29-9F14-404B-BEFE-69B48572C341}.Debug|Any CPU.Build.0 = Debug|Any CPU
		{41476F29-9F14-404B-BEFE-69B48572C341}.Release|Any CPU.ActiveCfg = Release|Any CPU
		{41476F29-9F14-404B-BEFE-69B48572C341}.Release|Any CPU.Build.0 = Release|Any CPU
	EndGlobalSection
	GlobalSection(SolutionProperties) = preSolution
		HideSolutionNode = FALSE
	EndGlobalSection
	GlobalSection(ExtensibilityGlobals) = postSolution
		SolutionGuid = {7C33EE57-2D8B-4AD7-9239-BDC286ADAFAF}
	EndGlobalSection
EndGlobal
